// !$*UTF8*$!
{
	archiveVersion = 1;
	classes = {
	};
	objectVersion = 56;
	objects = {

/* Begin PBXBuildFile section */
		363CE28472A82026A421965A /* Pods_PhoneStoreAppTests.framework in Frameworks */ = {isa = PBXBuildFile; fileRef = 874E2713D227985AD4806D11 /* Pods_PhoneStoreAppTests.framework */; };
		6CF17729C6B70818AC383784 /* Pods_PhoneStoreApp.framework in Frameworks */ = {isa = PBXBuildFile; fileRef = DE08DF5CA93F478457B58D3C /* Pods_PhoneStoreApp.framework */; };
		A2E9C02B2217E246B38E949F /* Pods_PhoneStoreApp_PhoneStoreAppUITests.framework in Frameworks */ = {isa = PBXBuildFile; fileRef = A6FB57D10768ECB2FBFC4775 /* Pods_PhoneStoreApp_PhoneStoreAppUITests.framework */; };
		FA1C93F7298C252E007C6971 /* ExplorerProducts.swift in Sources */ = {isa = PBXBuildFile; fileRef = FA1C93F6298C252E007C6971 /* ExplorerProducts.swift */; };
		FA1C93F9298C2677007C6971 /* ProductDetails.swift in Sources */ = {isa = PBXBuildFile; fileRef = FA1C93F8298C2677007C6971 /* ProductDetails.swift */; };
		FA1C93FB298C28B4007C6971 /* Basket.swift in Sources */ = {isa = PBXBuildFile; fileRef = FA1C93FA298C28B4007C6971 /* Basket.swift */; };
		FA6A48EA29473A97009F3D0B /* AppDelegate.swift in Sources */ = {isa = PBXBuildFile; fileRef = FA6A48E929473A97009F3D0B /* AppDelegate.swift */; };
		FA6A48EC29473A97009F3D0B /* SceneDelegate.swift in Sources */ = {isa = PBXBuildFile; fileRef = FA6A48EB29473A97009F3D0B /* SceneDelegate.swift */; };
		FA6A48EE29473A97009F3D0B /* ViewController.swift in Sources */ = {isa = PBXBuildFile; fileRef = FA6A48ED29473A97009F3D0B /* ViewController.swift */; };
		FA6A48F129473A97009F3D0B /* Main.storyboard in Resources */ = {isa = PBXBuildFile; fileRef = FA6A48EF29473A97009F3D0B /* Main.storyboard */; };
		FA6A48F429473A97009F3D0B /* PhoneStoreApp.xcdatamodeld in Sources */ = {isa = PBXBuildFile; fileRef = FA6A48F229473A97009F3D0B /* PhoneStoreApp.xcdatamodeld */; };
		FA6A48F629473A98009F3D0B /* Assets.xcassets in Resources */ = {isa = PBXBuildFile; fileRef = FA6A48F529473A98009F3D0B /* Assets.xcassets */; };
		FA6A48F929473A98009F3D0B /* LaunchScreen.storyboard in Resources */ = {isa = PBXBuildFile; fileRef = FA6A48F729473A98009F3D0B /* LaunchScreen.storyboard */; };
		FA6A490429473A99009F3D0B /* PhoneStoreAppTests.swift in Sources */ = {isa = PBXBuildFile; fileRef = FA6A490329473A99009F3D0B /* PhoneStoreAppTests.swift */; };
		FA6A490E29473A99009F3D0B /* PhoneStoreAppUITests.swift in Sources */ = {isa = PBXBuildFile; fileRef = FA6A490D29473A99009F3D0B /* PhoneStoreAppUITests.swift */; };
		FA6A491029473A99009F3D0B /* PhoneStoreAppUITestsLaunchTests.swift in Sources */ = {isa = PBXBuildFile; fileRef = FA6A490F29473A99009F3D0B /* PhoneStoreAppUITestsLaunchTests.swift */; };
		FA6A491E29473F6D009F3D0B /* Theme.swift in Sources */ = {isa = PBXBuildFile; fileRef = FA6A491D29473F6D009F3D0B /* Theme.swift */; };
		FA6A492329474024009F3D0B /* AppCoordinator.swift in Sources */ = {isa = PBXBuildFile; fileRef = FA6A492229474024009F3D0B /* AppCoordinator.swift */; };
		FA6A49252947404B009F3D0B /* Coordinator.swift in Sources */ = {isa = PBXBuildFile; fileRef = FA6A49242947404B009F3D0B /* Coordinator.swift */; };
		FA6A492729474078009F3D0B /* StartCoordinator.swift in Sources */ = {isa = PBXBuildFile; fileRef = FA6A492629474078009F3D0B /* StartCoordinator.swift */; };
		FA6A4929294740AA009F3D0B /* StartViewController.swift in Sources */ = {isa = PBXBuildFile; fileRef = FA6A4928294740AA009F3D0B /* StartViewController.swift */; };
		FA6A492B294740DF009F3D0B /* StartRoutingDelegate.swift in Sources */ = {isa = PBXBuildFile; fileRef = FA6A492A294740DF009F3D0B /* StartRoutingDelegate.swift */; };
		FA6A492D29474104009F3D0B /* StartViewModel.swift in Sources */ = {isa = PBXBuildFile; fileRef = FA6A492C29474104009F3D0B /* StartViewModel.swift */; };
		FA6A4931294741D6009F3D0B /* UIColorExt.swift in Sources */ = {isa = PBXBuildFile; fileRef = FA6A4930294741D6009F3D0B /* UIColorExt.swift */; };
		FA6A49332947422C009F3D0B /* UIImageViewExt.swift in Sources */ = {isa = PBXBuildFile; fileRef = FA6A49322947422C009F3D0B /* UIImageViewExt.swift */; };
		FA6A493529474274009F3D0B /* UIViewExt.swift in Sources */ = {isa = PBXBuildFile; fileRef = FA6A493429474274009F3D0B /* UIViewExt.swift */; };
		FA6A4937294742A0009F3D0B /* UIImageView.swift in Sources */ = {isa = PBXBuildFile; fileRef = FA6A4936294742A0009F3D0B /* UIImageView.swift */; };
		FA6A493A29474306009F3D0B /* UIView+Constraint.swift in Sources */ = {isa = PBXBuildFile; fileRef = FA6A493929474306009F3D0B /* UIView+Constraint.swift */; };
		FA6A493C2947433F009F3D0B /* ConstraintExt.swift in Sources */ = {isa = PBXBuildFile; fileRef = FA6A493B2947433F009F3D0B /* ConstraintExt.swift */; };
		FA6A493E29474370009F3D0B /* Constraint+greater.swift in Sources */ = {isa = PBXBuildFile; fileRef = FA6A493D29474370009F3D0B /* Constraint+greater.swift */; };
		FA6A49402947439E009F3D0B /* Constraint+equal.swift in Sources */ = {isa = PBXBuildFile; fileRef = FA6A493F2947439E009F3D0B /* Constraint+equal.swift */; };
		FA6A4942294743C0009F3D0B /* Constraint+less.swift in Sources */ = {isa = PBXBuildFile; fileRef = FA6A4941294743C0009F3D0B /* Constraint+less.swift */; };
		FA6A498829486CFE009F3D0B /* TabBarViewModel.swift in Sources */ = {isa = PBXBuildFile; fileRef = FA6A498729486CFE009F3D0B /* TabBarViewModel.swift */; };
		FA6A498A29486D18009F3D0B /* TabBarRoutingDelegate.swift in Sources */ = {isa = PBXBuildFile; fileRef = FA6A498929486D18009F3D0B /* TabBarRoutingDelegate.swift */; };
		FA6A498C29486D3A009F3D0B /* TabBarCoordinator.swift in Sources */ = {isa = PBXBuildFile; fileRef = FA6A498B29486D3A009F3D0B /* TabBarCoordinator.swift */; };
		FA6A499229487576009F3D0B /* ExplorerViewController.swift in Sources */ = {isa = PBXBuildFile; fileRef = FA6A499129487576009F3D0B /* ExplorerViewController.swift */; };
		FA6A49942948758B009F3D0B /* BasketViewController.swift in Sources */ = {isa = PBXBuildFile; fileRef = FA6A49932948758B009F3D0B /* BasketViewController.swift */; };
		FA6A4996294875D2009F3D0B /* FavoritesViewController.swift in Sources */ = {isa = PBXBuildFile; fileRef = FA6A4995294875D2009F3D0B /* FavoritesViewController.swift */; };
		FA6A4998294875F1009F3D0B /* ProfileViewController.swift in Sources */ = {isa = PBXBuildFile; fileRef = FA6A4997294875F1009F3D0B /* ProfileViewController.swift */; };
		FA6A499C2948981F009F3D0B /* Mark Pro-Bold.ttf in Resources */ = {isa = PBXBuildFile; fileRef = FA6A499B2948981F009F3D0B /* Mark Pro-Bold.ttf */; };
		FA6A499E29489858009F3D0B /* Mark Pro-Heavy.ttf in Resources */ = {isa = PBXBuildFile; fileRef = FA6A499D29489858009F3D0B /* Mark Pro-Heavy.ttf */; };
		FA6A49A029489891009F3D0B /* Mark Pro-Medium.ttf in Resources */ = {isa = PBXBuildFile; fileRef = FA6A499F29489891009F3D0B /* Mark Pro-Medium.ttf */; };
		FA6A49A8294898DC009F3D0B /* Mark Pro-Regular.ttf in Resources */ = {isa = PBXBuildFile; fileRef = FA6A49A7294898DC009F3D0B /* Mark Pro-Regular.ttf */; };
		FA6A49AA2948C47E009F3D0B /* TabBarViewController.swift in Sources */ = {isa = PBXBuildFile; fileRef = FA6A49A92948C47E009F3D0B /* TabBarViewController.swift */; };
		FA6A49AD294B2FD5009F3D0B /* FormDropdown.swift in Sources */ = {isa = PBXBuildFile; fileRef = FA6A49AC294B2FD5009F3D0B /* FormDropdown.swift */; };
		FA6A49B0294B3037009F3D0B /* UICollectionViewExt.swift in Sources */ = {isa = PBXBuildFile; fileRef = FA6A49AF294B3037009F3D0B /* UICollectionViewExt.swift */; };
		FA6A49B2294B30CC009F3D0B /* ReusableView.swift in Sources */ = {isa = PBXBuildFile; fileRef = FA6A49B1294B30CC009F3D0B /* ReusableView.swift */; };
		FA6A49B5294B6D49009F3D0B /* HeadExplorerCollectionView.swift in Sources */ = {isa = PBXBuildFile; fileRef = FA6A49B4294B6D49009F3D0B /* HeadExplorerCollectionView.swift */; };
		FA6A49B9294B99A9009F3D0B /* HeadExplorerCollectionViewCell.swift in Sources */ = {isa = PBXBuildFile; fileRef = FA6A49B8294B99A9009F3D0B /* HeadExplorerCollectionViewCell.swift */; };
		FA6A49BE295080C2009F3D0B /* HeadDataItem.swift in Sources */ = {isa = PBXBuildFile; fileRef = FA6A49BD295080C2009F3D0B /* HeadDataItem.swift */; };
		FA6A49C52959BA2A009F3D0B /* MiddleExplorerCollectionView.swift in Sources */ = {isa = PBXBuildFile; fileRef = FA6A49C42959BA2A009F3D0B /* MiddleExplorerCollectionView.swift */; };
		FA6A49C72959E092009F3D0B /* MiddleExplorerCollectionViewCell.swift in Sources */ = {isa = PBXBuildFile; fileRef = FA6A49C62959E092009F3D0B /* MiddleExplorerCollectionViewCell.swift */; };
		FA6A49C9295A4405009F3D0B /* BottomExplorerCollectionView.swift in Sources */ = {isa = PBXBuildFile; fileRef = FA6A49C8295A4405009F3D0B /* BottomExplorerCollectionView.swift */; };
		FA6A49CB295A4429009F3D0B /* BottomExplorerCollectionViewCell.swift in Sources */ = {isa = PBXBuildFile; fileRef = FA6A49CA295A4429009F3D0B /* BottomExplorerCollectionViewCell.swift */; };
		FA6A49CD295DBED7009F3D0B /* UIStringExt.swift in Sources */ = {isa = PBXBuildFile; fileRef = FA6A49CC295DBED7009F3D0B /* UIStringExt.swift */; };
		FA6A49D1295DDAAC009F3D0B /* FilterViewController.swift in Sources */ = {isa = PBXBuildFile; fileRef = FA6A49D0295DDAAC009F3D0B /* FilterViewController.swift */; };
		FA6A49D3295DDB59009F3D0B /* FilterItem.swift in Sources */ = {isa = PBXBuildFile; fileRef = FA6A49D2295DDB59009F3D0B /* FilterItem.swift */; };
		FA6A49D6295ECDBE009F3D0B /* PickerDialog.swift in Sources */ = {isa = PBXBuildFile; fileRef = FA6A49D5295ECDBE009F3D0B /* PickerDialog.swift */; };
		FA6A49D9295F03C6009F3D0B /* ProductDetailsViewController.swift in Sources */ = {isa = PBXBuildFile; fileRef = FA6A49D8295F03C6009F3D0B /* ProductDetailsViewController.swift */; };
		FA6A49DC295F1D51009F3D0B /* ProductCollectionView.swift in Sources */ = {isa = PBXBuildFile; fileRef = FA6A49DB295F1D51009F3D0B /* ProductCollectionView.swift */; };
		FA6A49DE295F1D85009F3D0B /* ProductCollectionViewCell.swift in Sources */ = {isa = PBXBuildFile; fileRef = FA6A49DD295F1D85009F3D0B /* ProductCollectionViewCell.swift */; };
		FA6A49E029602F62009F3D0B /* DetailedProdView.swift in Sources */ = {isa = PBXBuildFile; fileRef = FA6A49DF29602F62009F3D0B /* DetailedProdView.swift */; };
		FA6A49E229644A13009F3D0B /* NameInDetailsView.swift in Sources */ = {isa = PBXBuildFile; fileRef = FA6A49E129644A13009F3D0B /* NameInDetailsView.swift */; };
		FA6A49E52964B7EE009F3D0B /* ImagesInDetailView.swift in Sources */ = {isa = PBXBuildFile; fileRef = FA6A49E42964B7EE009F3D0B /* ImagesInDetailView.swift */; };
		FA6A49E72969B5EB009F3D0B /* ExplorerRoutingDelegate.swift in Sources */ = {isa = PBXBuildFile; fileRef = FA6A49E62969B5EB009F3D0B /* ExplorerRoutingDelegate.swift */; };
		FA6A49E92969B67E009F3D0B /* ExplorerViewModel.swift in Sources */ = {isa = PBXBuildFile; fileRef = FA6A49E82969B67E009F3D0B /* ExplorerViewModel.swift */; };
		FA6A49EB2969B6D6009F3D0B /* ExplorerCoordinator.swift in Sources */ = {isa = PBXBuildFile; fileRef = FA6A49EA2969B6D6009F3D0B /* ExplorerCoordinator.swift */; };
		FA6A49ED296C1B08009F3D0B /* ProductDetailsCoordinator.swift in Sources */ = {isa = PBXBuildFile; fileRef = FA6A49EC296C1B08009F3D0B /* ProductDetailsCoordinator.swift */; };
		FA6A49EF296C1D17009F3D0B /* ProductDetailsRoutingDelegate.swift in Sources */ = {isa = PBXBuildFile; fileRef = FA6A49EE296C1D17009F3D0B /* ProductDetailsRoutingDelegate.swift */; };
		FA6A49F1296C1D56009F3D0B /* ProductDetailsViewModel.swift in Sources */ = {isa = PBXBuildFile; fileRef = FA6A49F0296C1D56009F3D0B /* ProductDetailsViewModel.swift */; };
		FA6A49F3296C69A0009F3D0B /* BasketViewModel.swift in Sources */ = {isa = PBXBuildFile; fileRef = FA6A49F2296C69A0009F3D0B /* BasketViewModel.swift */; };
		FA6A49F5296C6A0D009F3D0B /* BasketRoutingDelegate.swift in Sources */ = {isa = PBXBuildFile; fileRef = FA6A49F4296C6A0D009F3D0B /* BasketRoutingDelegate.swift */; };
		FA6A49F7296C6A52009F3D0B /* BasketCoordinator.swift in Sources */ = {isa = PBXBuildFile; fileRef = FA6A49F6296C6A52009F3D0B /* BasketCoordinator.swift */; };
		FA6A49FD296D4B9A009F3D0B /* BasketItem.swift in Sources */ = {isa = PBXBuildFile; fileRef = FA6A49FC296D4B9A009F3D0B /* BasketItem.swift */; };
		FA6A4A00296D553B009F3D0B /* DeliveryItem.swift in Sources */ = {isa = PBXBuildFile; fileRef = FA6A49FF296D553B009F3D0B /* DeliveryItem.swift */; };
		FA6A4A02296D6800009F3D0B /* BasketCell.swift in Sources */ = {isa = PBXBuildFile; fileRef = FA6A4A01296D6800009F3D0B /* BasketCell.swift */; };
		FA6A4A04296DBB0F009F3D0B /* UITableViewExt.swift in Sources */ = {isa = PBXBuildFile; fileRef = FA6A4A03296DBB0F009F3D0B /* UITableViewExt.swift */; };
		FA6A4A07296ED915009F3D0B /* ProductDetailItems.swift in Sources */ = {isa = PBXBuildFile; fileRef = FA6A4A06296ED915009F3D0B /* ProductDetailItems.swift */; };
		FA8781F32976DD3E009131BA /* CountPhonesView.swift in Sources */ = {isa = PBXBuildFile; fileRef = FA8781F22976DD3E009131BA /* CountPhonesView.swift */; };
/* End PBXBuildFile section */

/* Begin PBXContainerItemProxy section */
		FA6A490029473A99009F3D0B /* PBXContainerItemProxy */ = {
			isa = PBXContainerItemProxy;
			containerPortal = FA6A48DE29473A97009F3D0B /* Project object */;
			proxyType = 1;
			remoteGlobalIDString = FA6A48E529473A97009F3D0B;
			remoteInfo = PhoneStoreApp;
		};
		FA6A490A29473A99009F3D0B /* PBXContainerItemProxy */ = {
			isa = PBXContainerItemProxy;
			containerPortal = FA6A48DE29473A97009F3D0B /* Project object */;
			proxyType = 1;
			remoteGlobalIDString = FA6A48E529473A97009F3D0B;
			remoteInfo = PhoneStoreApp;
		};
/* End PBXContainerItemProxy section */

/* Begin PBXFileReference section */
		4CEE87305D32E309AC8C4EBB /* Pods-PhoneStoreApp-PhoneStoreAppUITests.release.xcconfig */ = {isa = PBXFileReference; includeInIndex = 1; lastKnownFileType = text.xcconfig; name = "Pods-PhoneStoreApp-PhoneStoreAppUITests.release.xcconfig"; path = "Target Support Files/Pods-PhoneStoreApp-PhoneStoreAppUITests/Pods-PhoneStoreApp-PhoneStoreAppUITests.release.xcconfig"; sourceTree = "<group>"; };
		614204018F352B64A348DAC2 /* Pods-PhoneStoreAppTests.debug.xcconfig */ = {isa = PBXFileReference; includeInIndex = 1; lastKnownFileType = text.xcconfig; name = "Pods-PhoneStoreAppTests.debug.xcconfig"; path = "Target Support Files/Pods-PhoneStoreAppTests/Pods-PhoneStoreAppTests.debug.xcconfig"; sourceTree = "<group>"; };
		874E2713D227985AD4806D11 /* Pods_PhoneStoreAppTests.framework */ = {isa = PBXFileReference; explicitFileType = wrapper.framework; includeInIndex = 0; path = Pods_PhoneStoreAppTests.framework; sourceTree = BUILT_PRODUCTS_DIR; };
		937C231FD73268C16214057D /* Pods-PhoneStoreApp.debug.xcconfig */ = {isa = PBXFileReference; includeInIndex = 1; lastKnownFileType = text.xcconfig; name = "Pods-PhoneStoreApp.debug.xcconfig"; path = "Target Support Files/Pods-PhoneStoreApp/Pods-PhoneStoreApp.debug.xcconfig"; sourceTree = "<group>"; };
		A6FB57D10768ECB2FBFC4775 /* Pods_PhoneStoreApp_PhoneStoreAppUITests.framework */ = {isa = PBXFileReference; explicitFileType = wrapper.framework; includeInIndex = 0; path = Pods_PhoneStoreApp_PhoneStoreAppUITests.framework; sourceTree = BUILT_PRODUCTS_DIR; };
		B6F296CD77E4819E9D0CCAE6 /* Pods-PhoneStoreApp.release.xcconfig */ = {isa = PBXFileReference; includeInIndex = 1; lastKnownFileType = text.xcconfig; name = "Pods-PhoneStoreApp.release.xcconfig"; path = "Target Support Files/Pods-PhoneStoreApp/Pods-PhoneStoreApp.release.xcconfig"; sourceTree = "<group>"; };
		D88BEF08A8F60AF7420E1741 /* Pods-PhoneStoreApp-PhoneStoreAppUITests.debug.xcconfig */ = {isa = PBXFileReference; includeInIndex = 1; lastKnownFileType = text.xcconfig; name = "Pods-PhoneStoreApp-PhoneStoreAppUITests.debug.xcconfig"; path = "Target Support Files/Pods-PhoneStoreApp-PhoneStoreAppUITests/Pods-PhoneStoreApp-PhoneStoreAppUITests.debug.xcconfig"; sourceTree = "<group>"; };
		DE08DF5CA93F478457B58D3C /* Pods_PhoneStoreApp.framework */ = {isa = PBXFileReference; explicitFileType = wrapper.framework; includeInIndex = 0; path = Pods_PhoneStoreApp.framework; sourceTree = BUILT_PRODUCTS_DIR; };
		E686CC43C0EA499E7819BDB8 /* Pods-PhoneStoreAppTests.release.xcconfig */ = {isa = PBXFileReference; includeInIndex = 1; lastKnownFileType = text.xcconfig; name = "Pods-PhoneStoreAppTests.release.xcconfig"; path = "Target Support Files/Pods-PhoneStoreAppTests/Pods-PhoneStoreAppTests.release.xcconfig"; sourceTree = "<group>"; };
		FA1C93F6298C252E007C6971 /* ExplorerProducts.swift */ = {isa = PBXFileReference; lastKnownFileType = sourcecode.swift; path = ExplorerProducts.swift; sourceTree = "<group>"; };
		FA1C93F8298C2677007C6971 /* ProductDetails.swift */ = {isa = PBXFileReference; lastKnownFileType = sourcecode.swift; path = ProductDetails.swift; sourceTree = "<group>"; };
		FA1C93FA298C28B4007C6971 /* Basket.swift */ = {isa = PBXFileReference; lastKnownFileType = sourcecode.swift; path = Basket.swift; sourceTree = "<group>"; };
		FA6A48E629473A97009F3D0B /* PhoneStoreApp.app */ = {isa = PBXFileReference; explicitFileType = wrapper.application; includeInIndex = 0; path = PhoneStoreApp.app; sourceTree = BUILT_PRODUCTS_DIR; };
		FA6A48E929473A97009F3D0B /* AppDelegate.swift */ = {isa = PBXFileReference; lastKnownFileType = sourcecode.swift; path = AppDelegate.swift; sourceTree = "<group>"; };
		FA6A48EB29473A97009F3D0B /* SceneDelegate.swift */ = {isa = PBXFileReference; lastKnownFileType = sourcecode.swift; path = SceneDelegate.swift; sourceTree = "<group>"; };
		FA6A48ED29473A97009F3D0B /* ViewController.swift */ = {isa = PBXFileReference; lastKnownFileType = sourcecode.swift; path = ViewController.swift; sourceTree = "<group>"; };
		FA6A48F029473A97009F3D0B /* Base */ = {isa = PBXFileReference; lastKnownFileType = file.storyboard; name = Base; path = Base.lproj/Main.storyboard; sourceTree = "<group>"; };
		FA6A48F329473A97009F3D0B /* PhoneStoreApp.xcdatamodel */ = {isa = PBXFileReference; lastKnownFileType = wrapper.xcdatamodel; path = PhoneStoreApp.xcdatamodel; sourceTree = "<group>"; };
		FA6A48F529473A98009F3D0B /* Assets.xcassets */ = {isa = PBXFileReference; lastKnownFileType = folder.assetcatalog; path = Assets.xcassets; sourceTree = "<group>"; };
		FA6A48F829473A98009F3D0B /* Base */ = {isa = PBXFileReference; lastKnownFileType = file.storyboard; name = Base; path = Base.lproj/LaunchScreen.storyboard; sourceTree = "<group>"; };
		FA6A48FA29473A98009F3D0B /* Info.plist */ = {isa = PBXFileReference; lastKnownFileType = text.plist.xml; path = Info.plist; sourceTree = "<group>"; };
		FA6A48FF29473A99009F3D0B /* PhoneStoreAppTests.xctest */ = {isa = PBXFileReference; explicitFileType = wrapper.cfbundle; includeInIndex = 0; path = PhoneStoreAppTests.xctest; sourceTree = BUILT_PRODUCTS_DIR; };
		FA6A490329473A99009F3D0B /* PhoneStoreAppTests.swift */ = {isa = PBXFileReference; lastKnownFileType = sourcecode.swift; path = PhoneStoreAppTests.swift; sourceTree = "<group>"; };
		FA6A490929473A99009F3D0B /* PhoneStoreAppUITests.xctest */ = {isa = PBXFileReference; explicitFileType = wrapper.cfbundle; includeInIndex = 0; path = PhoneStoreAppUITests.xctest; sourceTree = BUILT_PRODUCTS_DIR; };
		FA6A490D29473A99009F3D0B /* PhoneStoreAppUITests.swift */ = {isa = PBXFileReference; lastKnownFileType = sourcecode.swift; path = PhoneStoreAppUITests.swift; sourceTree = "<group>"; };
		FA6A490F29473A99009F3D0B /* PhoneStoreAppUITestsLaunchTests.swift */ = {isa = PBXFileReference; lastKnownFileType = sourcecode.swift; path = PhoneStoreAppUITestsLaunchTests.swift; sourceTree = "<group>"; };
		FA6A491D29473F6D009F3D0B /* Theme.swift */ = {isa = PBXFileReference; lastKnownFileType = sourcecode.swift; path = Theme.swift; sourceTree = "<group>"; };
		FA6A492229474024009F3D0B /* AppCoordinator.swift */ = {isa = PBXFileReference; lastKnownFileType = sourcecode.swift; path = AppCoordinator.swift; sourceTree = "<group>"; };
		FA6A49242947404B009F3D0B /* Coordinator.swift */ = {isa = PBXFileReference; lastKnownFileType = sourcecode.swift; path = Coordinator.swift; sourceTree = "<group>"; };
		FA6A492629474078009F3D0B /* StartCoordinator.swift */ = {isa = PBXFileReference; lastKnownFileType = sourcecode.swift; path = StartCoordinator.swift; sourceTree = "<group>"; };
		FA6A4928294740AA009F3D0B /* StartViewController.swift */ = {isa = PBXFileReference; lastKnownFileType = sourcecode.swift; path = StartViewController.swift; sourceTree = "<group>"; };
		FA6A492A294740DF009F3D0B /* StartRoutingDelegate.swift */ = {isa = PBXFileReference; lastKnownFileType = sourcecode.swift; path = StartRoutingDelegate.swift; sourceTree = "<group>"; };
		FA6A492C29474104009F3D0B /* StartViewModel.swift */ = {isa = PBXFileReference; lastKnownFileType = sourcecode.swift; path = StartViewModel.swift; sourceTree = "<group>"; };
		FA6A4930294741D6009F3D0B /* UIColorExt.swift */ = {isa = PBXFileReference; lastKnownFileType = sourcecode.swift; path = UIColorExt.swift; sourceTree = "<group>"; };
		FA6A49322947422C009F3D0B /* UIImageViewExt.swift */ = {isa = PBXFileReference; lastKnownFileType = sourcecode.swift; path = UIImageViewExt.swift; sourceTree = "<group>"; };
		FA6A493429474274009F3D0B /* UIViewExt.swift */ = {isa = PBXFileReference; lastKnownFileType = sourcecode.swift; path = UIViewExt.swift; sourceTree = "<group>"; };
		FA6A4936294742A0009F3D0B /* UIImageView.swift */ = {isa = PBXFileReference; lastKnownFileType = sourcecode.swift; path = UIImageView.swift; sourceTree = "<group>"; };
		FA6A493929474306009F3D0B /* UIView+Constraint.swift */ = {isa = PBXFileReference; lastKnownFileType = sourcecode.swift; path = "UIView+Constraint.swift"; sourceTree = "<group>"; };
		FA6A493B2947433F009F3D0B /* ConstraintExt.swift */ = {isa = PBXFileReference; lastKnownFileType = sourcecode.swift; path = ConstraintExt.swift; sourceTree = "<group>"; };
		FA6A493D29474370009F3D0B /* Constraint+greater.swift */ = {isa = PBXFileReference; lastKnownFileType = sourcecode.swift; path = "Constraint+greater.swift"; sourceTree = "<group>"; };
		FA6A493F2947439E009F3D0B /* Constraint+equal.swift */ = {isa = PBXFileReference; lastKnownFileType = sourcecode.swift; path = "Constraint+equal.swift"; sourceTree = "<group>"; };
		FA6A4941294743C0009F3D0B /* Constraint+less.swift */ = {isa = PBXFileReference; lastKnownFileType = sourcecode.swift; path = "Constraint+less.swift"; sourceTree = "<group>"; };
		FA6A498729486CFE009F3D0B /* TabBarViewModel.swift */ = {isa = PBXFileReference; lastKnownFileType = sourcecode.swift; path = TabBarViewModel.swift; sourceTree = "<group>"; };
		FA6A498929486D18009F3D0B /* TabBarRoutingDelegate.swift */ = {isa = PBXFileReference; lastKnownFileType = sourcecode.swift; path = TabBarRoutingDelegate.swift; sourceTree = "<group>"; };
		FA6A498B29486D3A009F3D0B /* TabBarCoordinator.swift */ = {isa = PBXFileReference; lastKnownFileType = sourcecode.swift; path = TabBarCoordinator.swift; sourceTree = "<group>"; };
		FA6A499129487576009F3D0B /* ExplorerViewController.swift */ = {isa = PBXFileReference; lastKnownFileType = sourcecode.swift; path = ExplorerViewController.swift; sourceTree = "<group>"; };
		FA6A49932948758B009F3D0B /* BasketViewController.swift */ = {isa = PBXFileReference; lastKnownFileType = sourcecode.swift; path = BasketViewController.swift; sourceTree = "<group>"; };
		FA6A4995294875D2009F3D0B /* FavoritesViewController.swift */ = {isa = PBXFileReference; lastKnownFileType = sourcecode.swift; path = FavoritesViewController.swift; sourceTree = "<group>"; };
		FA6A4997294875F1009F3D0B /* ProfileViewController.swift */ = {isa = PBXFileReference; lastKnownFileType = sourcecode.swift; path = ProfileViewController.swift; sourceTree = "<group>"; };
		FA6A499B2948981F009F3D0B /* Mark Pro-Bold.ttf */ = {isa = PBXFileReference; lastKnownFileType = file; name = "Mark Pro-Bold.ttf"; path = "../../../Downloads/OnlineWebFonts_COM_576b545b1f7991d3b7b7f9f53cb1b665/Mark Pro Bold/Mark Pro-Bold.ttf"; sourceTree = "<group>"; };
		FA6A499D29489858009F3D0B /* Mark Pro-Heavy.ttf */ = {isa = PBXFileReference; lastKnownFileType = file; name = "Mark Pro-Heavy.ttf"; path = "../../../Downloads/OnlineWebFonts_COM_bd6a2c11291407cc9cb9c3a217523c70/Mark Pro Heavy/Mark Pro-Heavy.ttf"; sourceTree = "<group>"; };
		FA6A499F29489891009F3D0B /* Mark Pro-Medium.ttf */ = {isa = PBXFileReference; lastKnownFileType = file; name = "Mark Pro-Medium.ttf"; path = "../../../Downloads/OnlineWebFonts_COM_bd9fd81b81dc10c726084b91166bb111/Mark Pro Medium/Mark Pro-Medium.ttf"; sourceTree = "<group>"; };
		FA6A49A7294898DC009F3D0B /* Mark Pro-Regular.ttf */ = {isa = PBXFileReference; lastKnownFileType = text; name = "Mark Pro-Regular.ttf"; path = "../../../.Trash/Mark Pro-Regular.ttf"; sourceTree = "<group>"; };
		FA6A49A92948C47E009F3D0B /* TabBarViewController.swift */ = {isa = PBXFileReference; lastKnownFileType = sourcecode.swift; path = TabBarViewController.swift; sourceTree = "<group>"; };
		FA6A49AC294B2FD5009F3D0B /* FormDropdown.swift */ = {isa = PBXFileReference; lastKnownFileType = sourcecode.swift; path = FormDropdown.swift; sourceTree = "<group>"; };
		FA6A49AF294B3037009F3D0B /* UICollectionViewExt.swift */ = {isa = PBXFileReference; lastKnownFileType = sourcecode.swift; path = UICollectionViewExt.swift; sourceTree = "<group>"; };
		FA6A49B1294B30CC009F3D0B /* ReusableView.swift */ = {isa = PBXFileReference; lastKnownFileType = sourcecode.swift; path = ReusableView.swift; sourceTree = "<group>"; };
		FA6A49B4294B6D49009F3D0B /* HeadExplorerCollectionView.swift */ = {isa = PBXFileReference; lastKnownFileType = sourcecode.swift; path = HeadExplorerCollectionView.swift; sourceTree = "<group>"; };
		FA6A49B8294B99A9009F3D0B /* HeadExplorerCollectionViewCell.swift */ = {isa = PBXFileReference; lastKnownFileType = sourcecode.swift; path = HeadExplorerCollectionViewCell.swift; sourceTree = "<group>"; };
		FA6A49BD295080C2009F3D0B /* HeadDataItem.swift */ = {isa = PBXFileReference; lastKnownFileType = sourcecode.swift; path = HeadDataItem.swift; sourceTree = "<group>"; };
		FA6A49C42959BA2A009F3D0B /* MiddleExplorerCollectionView.swift */ = {isa = PBXFileReference; lastKnownFileType = sourcecode.swift; path = MiddleExplorerCollectionView.swift; sourceTree = "<group>"; };
		FA6A49C62959E092009F3D0B /* MiddleExplorerCollectionViewCell.swift */ = {isa = PBXFileReference; lastKnownFileType = sourcecode.swift; path = MiddleExplorerCollectionViewCell.swift; sourceTree = "<group>"; };
		FA6A49C8295A4405009F3D0B /* BottomExplorerCollectionView.swift */ = {isa = PBXFileReference; lastKnownFileType = sourcecode.swift; path = BottomExplorerCollectionView.swift; sourceTree = "<group>"; };
		FA6A49CA295A4429009F3D0B /* BottomExplorerCollectionViewCell.swift */ = {isa = PBXFileReference; lastKnownFileType = sourcecode.swift; path = BottomExplorerCollectionViewCell.swift; sourceTree = "<group>"; };
		FA6A49CC295DBED7009F3D0B /* UIStringExt.swift */ = {isa = PBXFileReference; lastKnownFileType = sourcecode.swift; path = UIStringExt.swift; sourceTree = "<group>"; };
		FA6A49D0295DDAAC009F3D0B /* FilterViewController.swift */ = {isa = PBXFileReference; lastKnownFileType = sourcecode.swift; path = FilterViewController.swift; sourceTree = "<group>"; };
		FA6A49D2295DDB59009F3D0B /* FilterItem.swift */ = {isa = PBXFileReference; lastKnownFileType = sourcecode.swift; path = FilterItem.swift; sourceTree = "<group>"; };
		FA6A49D5295ECDBE009F3D0B /* PickerDialog.swift */ = {isa = PBXFileReference; lastKnownFileType = sourcecode.swift; path = PickerDialog.swift; sourceTree = "<group>"; };
		FA6A49D8295F03C6009F3D0B /* ProductDetailsViewController.swift */ = {isa = PBXFileReference; lastKnownFileType = sourcecode.swift; path = ProductDetailsViewController.swift; sourceTree = "<group>"; };
		FA6A49DB295F1D51009F3D0B /* ProductCollectionView.swift */ = {isa = PBXFileReference; lastKnownFileType = sourcecode.swift; path = ProductCollectionView.swift; sourceTree = "<group>"; };
		FA6A49DD295F1D85009F3D0B /* ProductCollectionViewCell.swift */ = {isa = PBXFileReference; lastKnownFileType = sourcecode.swift; path = ProductCollectionViewCell.swift; sourceTree = "<group>"; };
		FA6A49DF29602F62009F3D0B /* DetailedProdView.swift */ = {isa = PBXFileReference; lastKnownFileType = sourcecode.swift; path = DetailedProdView.swift; sourceTree = "<group>"; };
		FA6A49E129644A13009F3D0B /* NameInDetailsView.swift */ = {isa = PBXFileReference; lastKnownFileType = sourcecode.swift; path = NameInDetailsView.swift; sourceTree = "<group>"; };
		FA6A49E42964B7EE009F3D0B /* ImagesInDetailView.swift */ = {isa = PBXFileReference; lastKnownFileType = sourcecode.swift; path = ImagesInDetailView.swift; sourceTree = "<group>"; };
		FA6A49E62969B5EB009F3D0B /* ExplorerRoutingDelegate.swift */ = {isa = PBXFileReference; lastKnownFileType = sourcecode.swift; path = ExplorerRoutingDelegate.swift; sourceTree = "<group>"; };
		FA6A49E82969B67E009F3D0B /* ExplorerViewModel.swift */ = {isa = PBXFileReference; lastKnownFileType = sourcecode.swift; path = ExplorerViewModel.swift; sourceTree = "<group>"; };
		FA6A49EA2969B6D6009F3D0B /* ExplorerCoordinator.swift */ = {isa = PBXFileReference; lastKnownFileType = sourcecode.swift; path = ExplorerCoordinator.swift; sourceTree = "<group>"; };
		FA6A49EC296C1B08009F3D0B /* ProductDetailsCoordinator.swift */ = {isa = PBXFileReference; lastKnownFileType = sourcecode.swift; path = ProductDetailsCoordinator.swift; sourceTree = "<group>"; };
		FA6A49EE296C1D17009F3D0B /* ProductDetailsRoutingDelegate.swift */ = {isa = PBXFileReference; lastKnownFileType = sourcecode.swift; path = ProductDetailsRoutingDelegate.swift; sourceTree = "<group>"; };
		FA6A49F0296C1D56009F3D0B /* ProductDetailsViewModel.swift */ = {isa = PBXFileReference; lastKnownFileType = sourcecode.swift; path = ProductDetailsViewModel.swift; sourceTree = "<group>"; };
		FA6A49F2296C69A0009F3D0B /* BasketViewModel.swift */ = {isa = PBXFileReference; lastKnownFileType = sourcecode.swift; path = BasketViewModel.swift; sourceTree = "<group>"; };
		FA6A49F4296C6A0D009F3D0B /* BasketRoutingDelegate.swift */ = {isa = PBXFileReference; lastKnownFileType = sourcecode.swift; path = BasketRoutingDelegate.swift; sourceTree = "<group>"; };
		FA6A49F6296C6A52009F3D0B /* BasketCoordinator.swift */ = {isa = PBXFileReference; lastKnownFileType = sourcecode.swift; path = BasketCoordinator.swift; sourceTree = "<group>"; };
		FA6A49FC296D4B9A009F3D0B /* BasketItem.swift */ = {isa = PBXFileReference; lastKnownFileType = sourcecode.swift; path = BasketItem.swift; sourceTree = "<group>"; };
		FA6A49FF296D553B009F3D0B /* DeliveryItem.swift */ = {isa = PBXFileReference; lastKnownFileType = sourcecode.swift; path = DeliveryItem.swift; sourceTree = "<group>"; };
		FA6A4A01296D6800009F3D0B /* BasketCell.swift */ = {isa = PBXFileReference; lastKnownFileType = sourcecode.swift; path = BasketCell.swift; sourceTree = "<group>"; };
		FA6A4A03296DBB0F009F3D0B /* UITableViewExt.swift */ = {isa = PBXFileReference; lastKnownFileType = sourcecode.swift; path = UITableViewExt.swift; sourceTree = "<group>"; };
		FA6A4A06296ED915009F3D0B /* ProductDetailItems.swift */ = {isa = PBXFileReference; lastKnownFileType = sourcecode.swift; path = ProductDetailItems.swift; sourceTree = "<group>"; };
		FA8781F22976DD3E009131BA /* CountPhonesView.swift */ = {isa = PBXFileReference; lastKnownFileType = sourcecode.swift; path = CountPhonesView.swift; sourceTree = "<group>"; };
/* End PBXFileReference section */

/* Begin PBXFrameworksBuildPhase section */
		FA6A48E329473A97009F3D0B /* Frameworks */ = {
			isa = PBXFrameworksBuildPhase;
			buildActionMask = 2147483647;
			files = (
				6CF17729C6B70818AC383784 /* Pods_PhoneStoreApp.framework in Frameworks */,
			);
			runOnlyForDeploymentPostprocessing = 0;
		};
		FA6A48FC29473A99009F3D0B /* Frameworks */ = {
			isa = PBXFrameworksBuildPhase;
			buildActionMask = 2147483647;
			files = (
				363CE28472A82026A421965A /* Pods_PhoneStoreAppTests.framework in Frameworks */,
			);
			runOnlyForDeploymentPostprocessing = 0;
		};
		FA6A490629473A99009F3D0B /* Frameworks */ = {
			isa = PBXFrameworksBuildPhase;
			buildActionMask = 2147483647;
			files = (
				A2E9C02B2217E246B38E949F /* Pods_PhoneStoreApp_PhoneStoreAppUITests.framework in Frameworks */,
			);
			runOnlyForDeploymentPostprocessing = 0;
		};
/* End PBXFrameworksBuildPhase section */

/* Begin PBXGroup section */
		59986E2530BCF4ED6285DC27 /* Pods */ = {
			isa = PBXGroup;
			children = (
				937C231FD73268C16214057D /* Pods-PhoneStoreApp.debug.xcconfig */,
				B6F296CD77E4819E9D0CCAE6 /* Pods-PhoneStoreApp.release.xcconfig */,
				D88BEF08A8F60AF7420E1741 /* Pods-PhoneStoreApp-PhoneStoreAppUITests.debug.xcconfig */,
				4CEE87305D32E309AC8C4EBB /* Pods-PhoneStoreApp-PhoneStoreAppUITests.release.xcconfig */,
				614204018F352B64A348DAC2 /* Pods-PhoneStoreAppTests.debug.xcconfig */,
				E686CC43C0EA499E7819BDB8 /* Pods-PhoneStoreAppTests.release.xcconfig */,
			);
			name = Pods;
			path = Pods;
			sourceTree = "<group>";
		};
		EBFF1718AB814A09424C6A4E /* Frameworks */ = {
			isa = PBXGroup;
			children = (
				DE08DF5CA93F478457B58D3C /* Pods_PhoneStoreApp.framework */,
				A6FB57D10768ECB2FBFC4775 /* Pods_PhoneStoreApp_PhoneStoreAppUITests.framework */,
				874E2713D227985AD4806D11 /* Pods_PhoneStoreAppTests.framework */,
			);
			name = Frameworks;
			sourceTree = "<group>";
		};
		FA1C93F5298C24D4007C6971 /* entities */ = {
			isa = PBXGroup;
			children = (
				FA1C93F6298C252E007C6971 /* ExplorerProducts.swift */,
				FA1C93F8298C2677007C6971 /* ProductDetails.swift */,
				FA1C93FA298C28B4007C6971 /* Basket.swift */,
			);
			path = entities;
			sourceTree = "<group>";
		};
		FA6A48DD29473A97009F3D0B = {
			isa = PBXGroup;
			children = (
				FA6A48E829473A97009F3D0B /* PhoneStoreApp */,
				FA6A490229473A99009F3D0B /* PhoneStoreAppTests */,
				FA6A490C29473A99009F3D0B /* PhoneStoreAppUITests */,
				FA6A48E729473A97009F3D0B /* Products */,
				59986E2530BCF4ED6285DC27 /* Pods */,
				EBFF1718AB814A09424C6A4E /* Frameworks */,
			);
			sourceTree = "<group>";
		};
		FA6A48E729473A97009F3D0B /* Products */ = {
			isa = PBXGroup;
			children = (
				FA6A48E629473A97009F3D0B /* PhoneStoreApp.app */,
				FA6A48FF29473A99009F3D0B /* PhoneStoreAppTests.xctest */,
				FA6A490929473A99009F3D0B /* PhoneStoreAppUITests.xctest */,
			);
			name = Products;
			sourceTree = "<group>";
		};
		FA6A48E829473A97009F3D0B /* PhoneStoreApp */ = {
			isa = PBXGroup;
			children = (
				FA6A491C29473AD3009F3D0B /* app */,
				FA1C93F5298C24D4007C6971 /* entities */,
				FA6A491F29473FA4009F3D0B /* presentation */,
				FA6A492E2947416D009F3D0B /* utils */,
				FA6A49AB294B2F38009F3D0B /* views */,
				FA6A48E929473A97009F3D0B /* AppDelegate.swift */,
				FA6A48EB29473A97009F3D0B /* SceneDelegate.swift */,
				FA6A48ED29473A97009F3D0B /* ViewController.swift */,
				FA6A48EF29473A97009F3D0B /* Main.storyboard */,
				FA6A48F529473A98009F3D0B /* Assets.xcassets */,
				FA6A48F729473A98009F3D0B /* LaunchScreen.storyboard */,
				FA6A48FA29473A98009F3D0B /* Info.plist */,
				FA6A48F229473A97009F3D0B /* PhoneStoreApp.xcdatamodeld */,
				FA6A49A7294898DC009F3D0B /* Mark Pro-Regular.ttf */,
				FA6A499B2948981F009F3D0B /* Mark Pro-Bold.ttf */,
				FA6A499D29489858009F3D0B /* Mark Pro-Heavy.ttf */,
				FA6A499F29489891009F3D0B /* Mark Pro-Medium.ttf */,
			);
			path = PhoneStoreApp;
			sourceTree = "<group>";
		};
		FA6A490229473A99009F3D0B /* PhoneStoreAppTests */ = {
			isa = PBXGroup;
			children = (
				FA6A490329473A99009F3D0B /* PhoneStoreAppTests.swift */,
			);
			path = PhoneStoreAppTests;
			sourceTree = "<group>";
		};
		FA6A490C29473A99009F3D0B /* PhoneStoreAppUITests */ = {
			isa = PBXGroup;
			children = (
				FA6A490D29473A99009F3D0B /* PhoneStoreAppUITests.swift */,
				FA6A490F29473A99009F3D0B /* PhoneStoreAppUITestsLaunchTests.swift */,
			);
			path = PhoneStoreAppUITests;
			sourceTree = "<group>";
		};
		FA6A491C29473AD3009F3D0B /* app */ = {
			isa = PBXGroup;
			children = (
				FA6A491D29473F6D009F3D0B /* Theme.swift */,
			);
			path = app;
			sourceTree = "<group>";
		};
		FA6A491F29473FA4009F3D0B /* presentation */ = {
			isa = PBXGroup;
			children = (
				FA6A4990294873D2009F3D0B /* profile */,
				FA6A498F294873CF009F3D0B /* favorites */,
				FA6A498E294873CC009F3D0B /* basket */,
				FA6A498D294873C6009F3D0B /* explorer */,
				FA6A492029473FC6009F3D0B /* coordinator */,
				FA6A492129473FD2009F3D0B /* starting */,
				FA6A494329479A78009F3D0B /* tabBar */,
			);
			path = presentation;
			sourceTree = "<group>";
		};
		FA6A492029473FC6009F3D0B /* coordinator */ = {
			isa = PBXGroup;
			children = (
				FA6A492229474024009F3D0B /* AppCoordinator.swift */,
				FA6A49242947404B009F3D0B /* Coordinator.swift */,
			);
			path = coordinator;
			sourceTree = "<group>";
		};
		FA6A492129473FD2009F3D0B /* starting */ = {
			isa = PBXGroup;
			children = (
				FA6A492629474078009F3D0B /* StartCoordinator.swift */,
				FA6A4928294740AA009F3D0B /* StartViewController.swift */,
				FA6A492A294740DF009F3D0B /* StartRoutingDelegate.swift */,
				FA6A492C29474104009F3D0B /* StartViewModel.swift */,
			);
			path = starting;
			sourceTree = "<group>";
		};
		FA6A492E2947416D009F3D0B /* utils */ = {
			isa = PBXGroup;
			children = (
				FA6A492F29474193009F3D0B /* extensions */,
				FA6A49B1294B30CC009F3D0B /* ReusableView.swift */,
			);
			path = utils;
			sourceTree = "<group>";
		};
		FA6A492F29474193009F3D0B /* extensions */ = {
			isa = PBXGroup;
			children = (
				FA6A4938294742CF009F3D0B /* autolayout */,
				FA6A4930294741D6009F3D0B /* UIColorExt.swift */,
				FA6A49322947422C009F3D0B /* UIImageViewExt.swift */,
				FA6A493429474274009F3D0B /* UIViewExt.swift */,
				FA6A4936294742A0009F3D0B /* UIImageView.swift */,
				FA6A49AF294B3037009F3D0B /* UICollectionViewExt.swift */,
				FA6A49CC295DBED7009F3D0B /* UIStringExt.swift */,
				FA6A4A03296DBB0F009F3D0B /* UITableViewExt.swift */,
			);
			path = extensions;
			sourceTree = "<group>";
		};
		FA6A4938294742CF009F3D0B /* autolayout */ = {
			isa = PBXGroup;
			children = (
				FA6A493929474306009F3D0B /* UIView+Constraint.swift */,
				FA6A493B2947433F009F3D0B /* ConstraintExt.swift */,
				FA6A493D29474370009F3D0B /* Constraint+greater.swift */,
				FA6A493F2947439E009F3D0B /* Constraint+equal.swift */,
				FA6A4941294743C0009F3D0B /* Constraint+less.swift */,
			);
			path = autolayout;
			sourceTree = "<group>";
		};
		FA6A494329479A78009F3D0B /* tabBar */ = {
			isa = PBXGroup;
			children = (
				FA6A498B29486D3A009F3D0B /* TabBarCoordinator.swift */,
				FA6A49A92948C47E009F3D0B /* TabBarViewController.swift */,
				FA6A498929486D18009F3D0B /* TabBarRoutingDelegate.swift */,
				FA6A498729486CFE009F3D0B /* TabBarViewModel.swift */,
			);
			path = tabBar;
			sourceTree = "<group>";
		};
		FA6A498D294873C6009F3D0B /* explorer */ = {
			isa = PBXGroup;
			children = (
				FA6A49D7295F0301009F3D0B /* productDetails */,
				FA6A49CF295DDA10009F3D0B /* filter */,
				FA6A49BC29507DE9009F3D0B /* items */,
				FA6A49B3294B6D06009F3D0B /* views */,
				FA6A499129487576009F3D0B /* ExplorerViewController.swift */,
				FA6A49E62969B5EB009F3D0B /* ExplorerRoutingDelegate.swift */,
				FA6A49E82969B67E009F3D0B /* ExplorerViewModel.swift */,
				FA6A49EA2969B6D6009F3D0B /* ExplorerCoordinator.swift */,
			);
			path = explorer;
			sourceTree = "<group>";
		};
		FA6A498E294873CC009F3D0B /* basket */ = {
			isa = PBXGroup;
			children = (
				FA6A49FB296D4B7E009F3D0B /* items */,
				FA6A49F8296C7885009F3D0B /* views */,
				FA6A49932948758B009F3D0B /* BasketViewController.swift */,
				FA6A49F2296C69A0009F3D0B /* BasketViewModel.swift */,
				FA6A49F4296C6A0D009F3D0B /* BasketRoutingDelegate.swift */,
				FA6A49F6296C6A52009F3D0B /* BasketCoordinator.swift */,
			);
			path = basket;
			sourceTree = "<group>";
		};
		FA6A498F294873CF009F3D0B /* favorites */ = {
			isa = PBXGroup;
			children = (
				FA6A4995294875D2009F3D0B /* FavoritesViewController.swift */,
			);
			path = favorites;
			sourceTree = "<group>";
		};
		FA6A4990294873D2009F3D0B /* profile */ = {
			isa = PBXGroup;
			children = (
				FA6A4997294875F1009F3D0B /* ProfileViewController.swift */,
			);
			path = profile;
			sourceTree = "<group>";
		};
		FA6A49AB294B2F38009F3D0B /* views */ = {
			isa = PBXGroup;
			children = (
				FA6A49D4295ECCA6009F3D0B /* picker */,
				FA6A49AC294B2FD5009F3D0B /* FormDropdown.swift */,
			);
			path = views;
			sourceTree = "<group>";
		};
		FA6A49B3294B6D06009F3D0B /* views */ = {
			isa = PBXGroup;
			children = (
				FA6A49B4294B6D49009F3D0B /* HeadExplorerCollectionView.swift */,
				FA6A49B8294B99A9009F3D0B /* HeadExplorerCollectionViewCell.swift */,
				FA6A49C42959BA2A009F3D0B /* MiddleExplorerCollectionView.swift */,
				FA6A49C62959E092009F3D0B /* MiddleExplorerCollectionViewCell.swift */,
				FA6A49C8295A4405009F3D0B /* BottomExplorerCollectionView.swift */,
				FA6A49CA295A4429009F3D0B /* BottomExplorerCollectionViewCell.swift */,
			);
			path = views;
			sourceTree = "<group>";
		};
		FA6A49BC29507DE9009F3D0B /* items */ = {
			isa = PBXGroup;
			children = (
				FA6A4A06296ED915009F3D0B /* ProductDetailItems.swift */,
				FA6A49BD295080C2009F3D0B /* HeadDataItem.swift */,
				FA6A49D2295DDB59009F3D0B /* FilterItem.swift */,
			);
			path = items;
			sourceTree = "<group>";
		};
		FA6A49CF295DDA10009F3D0B /* filter */ = {
			isa = PBXGroup;
			children = (
				FA6A49D0295DDAAC009F3D0B /* FilterViewController.swift */,
			);
			path = filter;
			sourceTree = "<group>";
		};
		FA6A49D4295ECCA6009F3D0B /* picker */ = {
			isa = PBXGroup;
			children = (
				FA6A49D5295ECDBE009F3D0B /* PickerDialog.swift */,
			);
			path = picker;
			sourceTree = "<group>";
		};
		FA6A49D7295F0301009F3D0B /* productDetails */ = {
			isa = PBXGroup;
			children = (
				FA6A49DA295F1D13009F3D0B /* views */,
				FA6A49D8295F03C6009F3D0B /* ProductDetailsViewController.swift */,
				FA6A49EC296C1B08009F3D0B /* ProductDetailsCoordinator.swift */,
				FA6A49EE296C1D17009F3D0B /* ProductDetailsRoutingDelegate.swift */,
				FA6A49F0296C1D56009F3D0B /* ProductDetailsViewModel.swift */,
			);
			path = productDetails;
			sourceTree = "<group>";
		};
		FA6A49DA295F1D13009F3D0B /* views */ = {
			isa = PBXGroup;
			children = (
				FA6A49DB295F1D51009F3D0B /* ProductCollectionView.swift */,
				FA6A49DD295F1D85009F3D0B /* ProductCollectionViewCell.swift */,
				FA6A49DF29602F62009F3D0B /* DetailedProdView.swift */,
				FA6A49E129644A13009F3D0B /* NameInDetailsView.swift */,
				FA6A49E42964B7EE009F3D0B /* ImagesInDetailView.swift */,
			);
			path = views;
			sourceTree = "<group>";
		};
		FA6A49F8296C7885009F3D0B /* views */ = {
			isa = PBXGroup;
			children = (
				FA6A4A01296D6800009F3D0B /* BasketCell.swift */,
				FA8781F22976DD3E009131BA /* CountPhonesView.swift */,
			);
			path = views;
			sourceTree = "<group>";
		};
		FA6A49FB296D4B7E009F3D0B /* items */ = {
			isa = PBXGroup;
			children = (
				FA6A49FC296D4B9A009F3D0B /* BasketItem.swift */,
				FA6A49FF296D553B009F3D0B /* DeliveryItem.swift */,
			);
			path = items;
			sourceTree = "<group>";
		};
/* End PBXGroup section */

/* Begin PBXNativeTarget section */
		FA6A48E529473A97009F3D0B /* PhoneStoreApp */ = {
			isa = PBXNativeTarget;
			buildConfigurationList = FA6A491329473A99009F3D0B /* Build configuration list for PBXNativeTarget "PhoneStoreApp" */;
			buildPhases = (
				4D9678CD02FDFFFDCFD479D3 /* [CP] Check Pods Manifest.lock */,
				FA6A48E229473A97009F3D0B /* Sources */,
				FA6A48E329473A97009F3D0B /* Frameworks */,
				FA6A48E429473A97009F3D0B /* Resources */,
				757C27D0CA03B03C816C79E8 /* [CP] Embed Pods Frameworks */,
			);
			buildRules = (
			);
			dependencies = (
			);
			name = PhoneStoreApp;
			productName = PhoneStoreApp;
			productReference = FA6A48E629473A97009F3D0B /* PhoneStoreApp.app */;
			productType = "com.apple.product-type.application";
		};
		FA6A48FE29473A99009F3D0B /* PhoneStoreAppTests */ = {
			isa = PBXNativeTarget;
			buildConfigurationList = FA6A491629473A99009F3D0B /* Build configuration list for PBXNativeTarget "PhoneStoreAppTests" */;
			buildPhases = (
				0C24B48E5FD907F65F189A55 /* [CP] Check Pods Manifest.lock */,
				FA6A48FB29473A99009F3D0B /* Sources */,
				FA6A48FC29473A99009F3D0B /* Frameworks */,
				FA6A48FD29473A99009F3D0B /* Resources */,
			);
			buildRules = (
			);
			dependencies = (
				FA6A490129473A99009F3D0B /* PBXTargetDependency */,
			);
			name = PhoneStoreAppTests;
			productName = PhoneStoreAppTests;
			productReference = FA6A48FF29473A99009F3D0B /* PhoneStoreAppTests.xctest */;
			productType = "com.apple.product-type.bundle.unit-test";
		};
		FA6A490829473A99009F3D0B /* PhoneStoreAppUITests */ = {
			isa = PBXNativeTarget;
			buildConfigurationList = FA6A491929473A99009F3D0B /* Build configuration list for PBXNativeTarget "PhoneStoreAppUITests" */;
			buildPhases = (
				54C688673B1B19951F5EE9DD /* [CP] Check Pods Manifest.lock */,
				FA6A490529473A99009F3D0B /* Sources */,
				FA6A490629473A99009F3D0B /* Frameworks */,
				FA6A490729473A99009F3D0B /* Resources */,
				4DCB78E3BB95E34DAA6180B6 /* [CP] Embed Pods Frameworks */,
			);
			buildRules = (
			);
			dependencies = (
				FA6A490B29473A99009F3D0B /* PBXTargetDependency */,
			);
			name = PhoneStoreAppUITests;
			productName = PhoneStoreAppUITests;
			productReference = FA6A490929473A99009F3D0B /* PhoneStoreAppUITests.xctest */;
			productType = "com.apple.product-type.bundle.ui-testing";
		};
/* End PBXNativeTarget section */

/* Begin PBXProject section */
		FA6A48DE29473A97009F3D0B /* Project object */ = {
			isa = PBXProject;
			attributes = {
				BuildIndependentTargetsInParallel = 1;
				LastSwiftUpdateCheck = 1400;
				LastUpgradeCheck = 1400;
				TargetAttributes = {
					FA6A48E529473A97009F3D0B = {
						CreatedOnToolsVersion = 14.0.1;
					};
					FA6A48FE29473A99009F3D0B = {
						CreatedOnToolsVersion = 14.0.1;
						TestTargetID = FA6A48E529473A97009F3D0B;
					};
					FA6A490829473A99009F3D0B = {
						CreatedOnToolsVersion = 14.0.1;
						TestTargetID = FA6A48E529473A97009F3D0B;
					};
				};
			};
			buildConfigurationList = FA6A48E129473A97009F3D0B /* Build configuration list for PBXProject "PhoneStoreApp" */;
			compatibilityVersion = "Xcode 14.0";
			developmentRegion = en;
			hasScannedForEncodings = 0;
			knownRegions = (
				en,
				Base,
			);
			mainGroup = FA6A48DD29473A97009F3D0B;
			productRefGroup = FA6A48E729473A97009F3D0B /* Products */;
			projectDirPath = "";
			projectRoot = "";
			targets = (
				FA6A48E529473A97009F3D0B /* PhoneStoreApp */,
				FA6A48FE29473A99009F3D0B /* PhoneStoreAppTests */,
				FA6A490829473A99009F3D0B /* PhoneStoreAppUITests */,
			);
		};
/* End PBXProject section */

/* Begin PBXResourcesBuildPhase section */
		FA6A48E429473A97009F3D0B /* Resources */ = {
			isa = PBXResourcesBuildPhase;
			buildActionMask = 2147483647;
			files = (
				FA6A48F929473A98009F3D0B /* LaunchScreen.storyboard in Resources */,
				FA6A48F629473A98009F3D0B /* Assets.xcassets in Resources */,
				FA6A499C2948981F009F3D0B /* Mark Pro-Bold.ttf in Resources */,
				FA6A48F129473A97009F3D0B /* Main.storyboard in Resources */,
				FA6A499E29489858009F3D0B /* Mark Pro-Heavy.ttf in Resources */,
				FA6A49A8294898DC009F3D0B /* Mark Pro-Regular.ttf in Resources */,
				FA6A49A029489891009F3D0B /* Mark Pro-Medium.ttf in Resources */,
			);
			runOnlyForDeploymentPostprocessing = 0;
		};
		FA6A48FD29473A99009F3D0B /* Resources */ = {
			isa = PBXResourcesBuildPhase;
			buildActionMask = 2147483647;
			files = (
			);
			runOnlyForDeploymentPostprocessing = 0;
		};
		FA6A490729473A99009F3D0B /* Resources */ = {
			isa = PBXResourcesBuildPhase;
			buildActionMask = 2147483647;
			files = (
			);
			runOnlyForDeploymentPostprocessing = 0;
		};
/* End PBXResourcesBuildPhase section */

/* Begin PBXShellScriptBuildPhase section */
		0C24B48E5FD907F65F189A55 /* [CP] Check Pods Manifest.lock */ = {
			isa = PBXShellScriptBuildPhase;
			buildActionMask = 2147483647;
			files = (
			);
			inputFileListPaths = (
			);
			inputPaths = (
				"${PODS_PODFILE_DIR_PATH}/Podfile.lock",
				"${PODS_ROOT}/Manifest.lock",
			);
			name = "[CP] Check Pods Manifest.lock";
			outputFileListPaths = (
			);
			outputPaths = (
				"$(DERIVED_FILE_DIR)/Pods-PhoneStoreAppTests-checkManifestLockResult.txt",
			);
			runOnlyForDeploymentPostprocessing = 0;
			shellPath = /bin/sh;
			shellScript = "diff \"${PODS_PODFILE_DIR_PATH}/Podfile.lock\" \"${PODS_ROOT}/Manifest.lock\" > /dev/null\nif [ $? != 0 ] ; then\n    # print error to STDERR\n    echo \"error: The sandbox is not in sync with the Podfile.lock. Run 'pod install' or update your CocoaPods installation.\" >&2\n    exit 1\nfi\n# This output is used by Xcode 'outputs' to avoid re-running this script phase.\necho \"SUCCESS\" > \"${SCRIPT_OUTPUT_FILE_0}\"\n";
			showEnvVarsInLog = 0;
		};
		4D9678CD02FDFFFDCFD479D3 /* [CP] Check Pods Manifest.lock */ = {
			isa = PBXShellScriptBuildPhase;
			buildActionMask = 2147483647;
			files = (
			);
			inputFileListPaths = (
			);
			inputPaths = (
				"${PODS_PODFILE_DIR_PATH}/Podfile.lock",
				"${PODS_ROOT}/Manifest.lock",
			);
			name = "[CP] Check Pods Manifest.lock";
			outputFileListPaths = (
			);
			outputPaths = (
				"$(DERIVED_FILE_DIR)/Pods-PhoneStoreApp-checkManifestLockResult.txt",
			);
			runOnlyForDeploymentPostprocessing = 0;
			shellPath = /bin/sh;
			shellScript = "diff \"${PODS_PODFILE_DIR_PATH}/Podfile.lock\" \"${PODS_ROOT}/Manifest.lock\" > /dev/null\nif [ $? != 0 ] ; then\n    # print error to STDERR\n    echo \"error: The sandbox is not in sync with the Podfile.lock. Run 'pod install' or update your CocoaPods installation.\" >&2\n    exit 1\nfi\n# This output is used by Xcode 'outputs' to avoid re-running this script phase.\necho \"SUCCESS\" > \"${SCRIPT_OUTPUT_FILE_0}\"\n";
			showEnvVarsInLog = 0;
		};
		4DCB78E3BB95E34DAA6180B6 /* [CP] Embed Pods Frameworks */ = {
			isa = PBXShellScriptBuildPhase;
			buildActionMask = 2147483647;
			files = (
			);
			inputFileListPaths = (
				"${PODS_ROOT}/Target Support Files/Pods-PhoneStoreApp-PhoneStoreAppUITests/Pods-PhoneStoreApp-PhoneStoreAppUITests-frameworks-${CONFIGURATION}-input-files.xcfilelist",
			);
			name = "[CP] Embed Pods Frameworks";
			outputFileListPaths = (
				"${PODS_ROOT}/Target Support Files/Pods-PhoneStoreApp-PhoneStoreAppUITests/Pods-PhoneStoreApp-PhoneStoreAppUITests-frameworks-${CONFIGURATION}-output-files.xcfilelist",
			);
			runOnlyForDeploymentPostprocessing = 0;
			shellPath = /bin/sh;
			shellScript = "\"${PODS_ROOT}/Target Support Files/Pods-PhoneStoreApp-PhoneStoreAppUITests/Pods-PhoneStoreApp-PhoneStoreAppUITests-frameworks.sh\"\n";
			showEnvVarsInLog = 0;
		};
		54C688673B1B19951F5EE9DD /* [CP] Check Pods Manifest.lock */ = {
			isa = PBXShellScriptBuildPhase;
			buildActionMask = 2147483647;
			files = (
			);
			inputFileListPaths = (
			);
			inputPaths = (
				"${PODS_PODFILE_DIR_PATH}/Podfile.lock",
				"${PODS_ROOT}/Manifest.lock",
			);
			name = "[CP] Check Pods Manifest.lock";
			outputFileListPaths = (
			);
			outputPaths = (
				"$(DERIVED_FILE_DIR)/Pods-PhoneStoreApp-PhoneStoreAppUITests-checkManifestLockResult.txt",
			);
			runOnlyForDeploymentPostprocessing = 0;
			shellPath = /bin/sh;
			shellScript = "diff \"${PODS_PODFILE_DIR_PATH}/Podfile.lock\" \"${PODS_ROOT}/Manifest.lock\" > /dev/null\nif [ $? != 0 ] ; then\n    # print error to STDERR\n    echo \"error: The sandbox is not in sync with the Podfile.lock. Run 'pod install' or update your CocoaPods installation.\" >&2\n    exit 1\nfi\n# This output is used by Xcode 'outputs' to avoid re-running this script phase.\necho \"SUCCESS\" > \"${SCRIPT_OUTPUT_FILE_0}\"\n";
			showEnvVarsInLog = 0;
		};
		757C27D0CA03B03C816C79E8 /* [CP] Embed Pods Frameworks */ = {
			isa = PBXShellScriptBuildPhase;
			buildActionMask = 2147483647;
			files = (
			);
			inputFileListPaths = (
				"${PODS_ROOT}/Target Support Files/Pods-PhoneStoreApp/Pods-PhoneStoreApp-frameworks-${CONFIGURATION}-input-files.xcfilelist",
			);
			name = "[CP] Embed Pods Frameworks";
			outputFileListPaths = (
				"${PODS_ROOT}/Target Support Files/Pods-PhoneStoreApp/Pods-PhoneStoreApp-frameworks-${CONFIGURATION}-output-files.xcfilelist",
			);
			runOnlyForDeploymentPostprocessing = 0;
			shellPath = /bin/sh;
			shellScript = "\"${PODS_ROOT}/Target Support Files/Pods-PhoneStoreApp/Pods-PhoneStoreApp-frameworks.sh\"\n";
			showEnvVarsInLog = 0;
		};
/* End PBXShellScriptBuildPhase section */

/* Begin PBXSourcesBuildPhase section */
		FA6A48E229473A97009F3D0B /* Sources */ = {
			isa = PBXSourcesBuildPhase;
			buildActionMask = 2147483647;
			files = (
				FA6A49EF296C1D17009F3D0B /* ProductDetailsRoutingDelegate.swift in Sources */,
				FA8781F32976DD3E009131BA /* CountPhonesView.swift in Sources */,
				FA6A49C9295A4405009F3D0B /* BottomExplorerCollectionView.swift in Sources */,
				FA6A493529474274009F3D0B /* UIViewExt.swift in Sources */,
				FA6A4996294875D2009F3D0B /* FavoritesViewController.swift in Sources */,
				FA6A49F7296C6A52009F3D0B /* BasketCoordinator.swift in Sources */,
				FA6A49FD296D4B9A009F3D0B /* BasketItem.swift in Sources */,
				FA6A4937294742A0009F3D0B /* UIImageView.swift in Sources */,
				FA6A49AD294B2FD5009F3D0B /* FormDropdown.swift in Sources */,
				FA6A49CD295DBED7009F3D0B /* UIStringExt.swift in Sources */,
				FA6A49942948758B009F3D0B /* BasketViewController.swift in Sources */,
				FA6A49DE295F1D85009F3D0B /* ProductCollectionViewCell.swift in Sources */,
				FA6A49AA2948C47E009F3D0B /* TabBarViewController.swift in Sources */,
				FA6A492329474024009F3D0B /* AppCoordinator.swift in Sources */,
				FA6A49B2294B30CC009F3D0B /* ReusableView.swift in Sources */,
				FA6A49C52959BA2A009F3D0B /* MiddleExplorerCollectionView.swift in Sources */,
				FA6A4942294743C0009F3D0B /* Constraint+less.swift in Sources */,
				FA6A4931294741D6009F3D0B /* UIColorExt.swift in Sources */,
				FA6A49E52964B7EE009F3D0B /* ImagesInDetailView.swift in Sources */,
				FA6A48EE29473A97009F3D0B /* ViewController.swift in Sources */,
				FA6A492729474078009F3D0B /* StartCoordinator.swift in Sources */,
				FA6A49B9294B99A9009F3D0B /* HeadExplorerCollectionViewCell.swift in Sources */,
				FA1C93F7298C252E007C6971 /* ExplorerProducts.swift in Sources */,
				FA6A49E029602F62009F3D0B /* DetailedProdView.swift in Sources */,
				FA6A49B5294B6D49009F3D0B /* HeadExplorerCollectionView.swift in Sources */,
				FA6A48EA29473A97009F3D0B /* AppDelegate.swift in Sources */,
				FA6A493C2947433F009F3D0B /* ConstraintExt.swift in Sources */,
				FA6A498C29486D3A009F3D0B /* TabBarCoordinator.swift in Sources */,
				FA6A49D3295DDB59009F3D0B /* FilterItem.swift in Sources */,
				FA6A49EB2969B6D6009F3D0B /* ExplorerCoordinator.swift in Sources */,
				FA6A491E29473F6D009F3D0B /* Theme.swift in Sources */,
				FA6A49F5296C6A0D009F3D0B /* BasketRoutingDelegate.swift in Sources */,
				FA6A4929294740AA009F3D0B /* StartViewController.swift in Sources */,
				FA6A49DC295F1D51009F3D0B /* ProductCollectionView.swift in Sources */,
				FA6A49C72959E092009F3D0B /* MiddleExplorerCollectionViewCell.swift in Sources */,
				FA6A48F429473A97009F3D0B /* PhoneStoreApp.xcdatamodeld in Sources */,
				FA6A49D6295ECDBE009F3D0B /* PickerDialog.swift in Sources */,
				FA6A49332947422C009F3D0B /* UIImageViewExt.swift in Sources */,
				FA6A493A29474306009F3D0B /* UIView+Constraint.swift in Sources */,
				FA1C93FB298C28B4007C6971 /* Basket.swift in Sources */,
				FA6A49ED296C1B08009F3D0B /* ProductDetailsCoordinator.swift in Sources */,
				FA6A49E229644A13009F3D0B /* NameInDetailsView.swift in Sources */,
				FA6A48EC29473A97009F3D0B /* SceneDelegate.swift in Sources */,
				FA6A4998294875F1009F3D0B /* ProfileViewController.swift in Sources */,
				FA6A4A07296ED915009F3D0B /* ProductDetailItems.swift in Sources */,
				FA6A49E92969B67E009F3D0B /* ExplorerViewModel.swift in Sources */,
				FA6A492B294740DF009F3D0B /* StartRoutingDelegate.swift in Sources */,
				FA6A49B0294B3037009F3D0B /* UICollectionViewExt.swift in Sources */,
				FA6A493E29474370009F3D0B /* Constraint+greater.swift in Sources */,
				FA6A498A29486D18009F3D0B /* TabBarRoutingDelegate.swift in Sources */,
				FA6A499229487576009F3D0B /* ExplorerViewController.swift in Sources */,
				FA6A49CB295A4429009F3D0B /* BottomExplorerCollectionViewCell.swift in Sources */,
				FA6A49D9295F03C6009F3D0B /* ProductDetailsViewController.swift in Sources */,
				FA1C93F9298C2677007C6971 /* ProductDetails.swift in Sources */,
				FA6A49D1295DDAAC009F3D0B /* FilterViewController.swift in Sources */,
				FA6A4A04296DBB0F009F3D0B /* UITableViewExt.swift in Sources */,
				FA6A49E72969B5EB009F3D0B /* ExplorerRoutingDelegate.swift in Sources */,
				FA6A49F3296C69A0009F3D0B /* BasketViewModel.swift in Sources */,
				FA6A49BE295080C2009F3D0B /* HeadDataItem.swift in Sources */,
				FA6A49252947404B009F3D0B /* Coordinator.swift in Sources */,
				FA6A4A02296D6800009F3D0B /* BasketCell.swift in Sources */,
				FA6A49402947439E009F3D0B /* Constraint+equal.swift in Sources */,
				FA6A4A00296D553B009F3D0B /* DeliveryItem.swift in Sources */,
				FA6A498829486CFE009F3D0B /* TabBarViewModel.swift in Sources */,
				FA6A492D29474104009F3D0B /* StartViewModel.swift in Sources */,
				FA6A49F1296C1D56009F3D0B /* ProductDetailsViewModel.swift in Sources */,
			);
			runOnlyForDeploymentPostprocessing = 0;
		};
		FA6A48FB29473A99009F3D0B /* Sources */ = {
			isa = PBXSourcesBuildPhase;
			buildActionMask = 2147483647;
			files = (
				FA6A490429473A99009F3D0B /* PhoneStoreAppTests.swift in Sources */,
			);
			runOnlyForDeploymentPostprocessing = 0;
		};
		FA6A490529473A99009F3D0B /* Sources */ = {
			isa = PBXSourcesBuildPhase;
			buildActionMask = 2147483647;
			files = (
				FA6A490E29473A99009F3D0B /* PhoneStoreAppUITests.swift in Sources */,
				FA6A491029473A99009F3D0B /* PhoneStoreAppUITestsLaunchTests.swift in Sources */,
			);
			runOnlyForDeploymentPostprocessing = 0;
		};
/* End PBXSourcesBuildPhase section */

/* Begin PBXTargetDependency section */
		FA6A490129473A99009F3D0B /* PBXTargetDependency */ = {
			isa = PBXTargetDependency;
			target = FA6A48E529473A97009F3D0B /* PhoneStoreApp */;
			targetProxy = FA6A490029473A99009F3D0B /* PBXContainerItemProxy */;
		};
		FA6A490B29473A99009F3D0B /* PBXTargetDependency */ = {
			isa = PBXTargetDependency;
			target = FA6A48E529473A97009F3D0B /* PhoneStoreApp */;
			targetProxy = FA6A490A29473A99009F3D0B /* PBXContainerItemProxy */;
		};
/* End PBXTargetDependency section */

/* Begin PBXVariantGroup section */
		FA6A48EF29473A97009F3D0B /* Main.storyboard */ = {
			isa = PBXVariantGroup;
			children = (
				FA6A48F029473A97009F3D0B /* Base */,
			);
			name = Main.storyboard;
			sourceTree = "<group>";
		};
		FA6A48F729473A98009F3D0B /* LaunchScreen.storyboard */ = {
			isa = PBXVariantGroup;
			children = (
				FA6A48F829473A98009F3D0B /* Base */,
			);
			name = LaunchScreen.storyboard;
			sourceTree = "<group>";
		};
/* End PBXVariantGroup section */

/* Begin XCBuildConfiguration section */
		FA6A491129473A99009F3D0B /* Debug */ = {
			isa = XCBuildConfiguration;
			buildSettings = {
				ALWAYS_SEARCH_USER_PATHS = NO;
				CLANG_ANALYZER_NONNULL = YES;
				CLANG_ANALYZER_NUMBER_OBJECT_CONVERSION = YES_AGGRESSIVE;
				CLANG_CXX_LANGUAGE_STANDARD = "gnu++20";
				CLANG_ENABLE_MODULES = YES;
				CLANG_ENABLE_OBJC_ARC = YES;
				CLANG_ENABLE_OBJC_WEAK = YES;
				CLANG_WARN_BLOCK_CAPTURE_AUTORELEASING = YES;
				CLANG_WARN_BOOL_CONVERSION = YES;
				CLANG_WARN_COMMA = YES;
				CLANG_WARN_CONSTANT_CONVERSION = YES;
				CLANG_WARN_DEPRECATED_OBJC_IMPLEMENTATIONS = YES;
				CLANG_WARN_DIRECT_OBJC_ISA_USAGE = YES_ERROR;
				CLANG_WARN_DOCUMENTATION_COMMENTS = YES;
				CLANG_WARN_EMPTY_BODY = YES;
				CLANG_WARN_ENUM_CONVERSION = YES;
				CLANG_WARN_INFINITE_RECURSION = YES;
				CLANG_WARN_INT_CONVERSION = YES;
				CLANG_WARN_NON_LITERAL_NULL_CONVERSION = YES;
				CLANG_WARN_OBJC_IMPLICIT_RETAIN_SELF = YES;
				CLANG_WARN_OBJC_LITERAL_CONVERSION = YES;
				CLANG_WARN_OBJC_ROOT_CLASS = YES_ERROR;
				CLANG_WARN_QUOTED_INCLUDE_IN_FRAMEWORK_HEADER = YES;
				CLANG_WARN_RANGE_LOOP_ANALYSIS = YES;
				CLANG_WARN_STRICT_PROTOTYPES = YES;
				CLANG_WARN_SUSPICIOUS_MOVE = YES;
				CLANG_WARN_UNGUARDED_AVAILABILITY = YES_AGGRESSIVE;
				CLANG_WARN_UNREACHABLE_CODE = YES;
				CLANG_WARN__DUPLICATE_METHOD_MATCH = YES;
				COPY_PHASE_STRIP = NO;
				DEBUG_INFORMATION_FORMAT = dwarf;
				ENABLE_STRICT_OBJC_MSGSEND = YES;
				ENABLE_TESTABILITY = YES;
				GCC_C_LANGUAGE_STANDARD = gnu11;
				GCC_DYNAMIC_NO_PIC = NO;
				GCC_NO_COMMON_BLOCKS = YES;
				GCC_OPTIMIZATION_LEVEL = 0;
				GCC_PREPROCESSOR_DEFINITIONS = (
					"DEBUG=1",
					"$(inherited)",
				);
				GCC_WARN_64_TO_32_BIT_CONVERSION = YES;
				GCC_WARN_ABOUT_RETURN_TYPE = YES_ERROR;
				GCC_WARN_UNDECLARED_SELECTOR = YES;
				GCC_WARN_UNINITIALIZED_AUTOS = YES_AGGRESSIVE;
				GCC_WARN_UNUSED_FUNCTION = YES;
				GCC_WARN_UNUSED_VARIABLE = YES;
				IPHONEOS_DEPLOYMENT_TARGET = 16.0;
				MTL_ENABLE_DEBUG_INFO = INCLUDE_SOURCE;
				MTL_FAST_MATH = YES;
				ONLY_ACTIVE_ARCH = YES;
				SDKROOT = iphoneos;
				SWIFT_ACTIVE_COMPILATION_CONDITIONS = DEBUG;
				SWIFT_OPTIMIZATION_LEVEL = "-Onone";
			};
			name = Debug;
		};
		FA6A491229473A99009F3D0B /* Release */ = {
			isa = XCBuildConfiguration;
			buildSettings = {
				ALWAYS_SEARCH_USER_PATHS = NO;
				CLANG_ANALYZER_NONNULL = YES;
				CLANG_ANALYZER_NUMBER_OBJECT_CONVERSION = YES_AGGRESSIVE;
				CLANG_CXX_LANGUAGE_STANDARD = "gnu++20";
				CLANG_ENABLE_MODULES = YES;
				CLANG_ENABLE_OBJC_ARC = YES;
				CLANG_ENABLE_OBJC_WEAK = YES;
				CLANG_WARN_BLOCK_CAPTURE_AUTORELEASING = YES;
				CLANG_WARN_BOOL_CONVERSION = YES;
				CLANG_WARN_COMMA = YES;
				CLANG_WARN_CONSTANT_CONVERSION = YES;
				CLANG_WARN_DEPRECATED_OBJC_IMPLEMENTATIONS = YES;
				CLANG_WARN_DIRECT_OBJC_ISA_USAGE = YES_ERROR;
				CLANG_WARN_DOCUMENTATION_COMMENTS = YES;
				CLANG_WARN_EMPTY_BODY = YES;
				CLANG_WARN_ENUM_CONVERSION = YES;
				CLANG_WARN_INFINITE_RECURSION = YES;
				CLANG_WARN_INT_CONVERSION = YES;
				CLANG_WARN_NON_LITERAL_NULL_CONVERSION = YES;
				CLANG_WARN_OBJC_IMPLICIT_RETAIN_SELF = YES;
				CLANG_WARN_OBJC_LITERAL_CONVERSION = YES;
				CLANG_WARN_OBJC_ROOT_CLASS = YES_ERROR;
				CLANG_WARN_QUOTED_INCLUDE_IN_FRAMEWORK_HEADER = YES;
				CLANG_WARN_RANGE_LOOP_ANALYSIS = YES;
				CLANG_WARN_STRICT_PROTOTYPES = YES;
				CLANG_WARN_SUSPICIOUS_MOVE = YES;
				CLANG_WARN_UNGUARDED_AVAILABILITY = YES_AGGRESSIVE;
				CLANG_WARN_UNREACHABLE_CODE = YES;
				CLANG_WARN__DUPLICATE_METHOD_MATCH = YES;
				COPY_PHASE_STRIP = NO;
				DEBUG_INFORMATION_FORMAT = "dwarf-with-dsym";
				ENABLE_NS_ASSERTIONS = NO;
				ENABLE_STRICT_OBJC_MSGSEND = YES;
				GCC_C_LANGUAGE_STANDARD = gnu11;
				GCC_NO_COMMON_BLOCKS = YES;
				GCC_WARN_64_TO_32_BIT_CONVERSION = YES;
				GCC_WARN_ABOUT_RETURN_TYPE = YES_ERROR;
				GCC_WARN_UNDECLARED_SELECTOR = YES;
				GCC_WARN_UNINITIALIZED_AUTOS = YES_AGGRESSIVE;
				GCC_WARN_UNUSED_FUNCTION = YES;
				GCC_WARN_UNUSED_VARIABLE = YES;
				IPHONEOS_DEPLOYMENT_TARGET = 16.0;
				MTL_ENABLE_DEBUG_INFO = NO;
				MTL_FAST_MATH = YES;
				SDKROOT = iphoneos;
				SWIFT_COMPILATION_MODE = wholemodule;
				SWIFT_OPTIMIZATION_LEVEL = "-O";
				VALIDATE_PRODUCT = YES;
			};
			name = Release;
		};
		FA6A491429473A99009F3D0B /* Debug */ = {
			isa = XCBuildConfiguration;
			baseConfigurationReference = 937C231FD73268C16214057D /* Pods-PhoneStoreApp.debug.xcconfig */;
			buildSettings = {
				ASSETCATALOG_COMPILER_APPICON_NAME = AppIcon;
				ASSETCATALOG_COMPILER_GLOBAL_ACCENT_COLOR_NAME = AccentColor;
				CODE_SIGN_STYLE = Automatic;
				CURRENT_PROJECT_VERSION = 1;
				DEVELOPMENT_TEAM = 5C9S7JT7L3;
				GENERATE_INFOPLIST_FILE = YES;
				INFOPLIST_FILE = PhoneStoreApp/Info.plist;
				INFOPLIST_KEY_UIApplicationSupportsIndirectInputEvents = YES;
				INFOPLIST_KEY_UILaunchStoryboardName = LanchScreen;
				INFOPLIST_KEY_UIMainStoryboardFile = Main;
				INFOPLIST_KEY_UISupportedInterfaceOrientations_iPad = "UIInterfaceOrientationPortrait UIInterfaceOrientationPortraitUpsideDown UIInterfaceOrientationLandscapeLeft UIInterfaceOrientationLandscapeRight";
				INFOPLIST_KEY_UISupportedInterfaceOrientations_iPhone = "UIInterfaceOrientationPortrait UIInterfaceOrientationLandscapeLeft UIInterfaceOrientationLandscapeRight";
				LD_RUNPATH_SEARCH_PATHS = (
					"$(inherited)",
					"@executable_path/Frameworks",
				);
				MARKETING_VERSION = 1.0;
				PRODUCT_BUNDLE_IDENTIFIER = i0240.PhoneStoreApp;
				PRODUCT_NAME = "$(TARGET_NAME)";
				SWIFT_EMIT_LOC_STRINGS = YES;
				SWIFT_VERSION = 5.0;
				TARGETED_DEVICE_FAMILY = "1,2";
			};
			name = Debug;
		};
		FA6A491529473A99009F3D0B /* Release */ = {
			isa = XCBuildConfiguration;
			baseConfigurationReference = B6F296CD77E4819E9D0CCAE6 /* Pods-PhoneStoreApp.release.xcconfig */;
			buildSettings = {
				ASSETCATALOG_COMPILER_APPICON_NAME = AppIcon;
				ASSETCATALOG_COMPILER_GLOBAL_ACCENT_COLOR_NAME = AccentColor;
				CODE_SIGN_STYLE = Automatic;
				CURRENT_PROJECT_VERSION = 1;
				DEVELOPMENT_TEAM = 5C9S7JT7L3;
				GENERATE_INFOPLIST_FILE = YES;
				INFOPLIST_FILE = PhoneStoreApp/Info.plist;
				INFOPLIST_KEY_UIApplicationSupportsIndirectInputEvents = YES;
				INFOPLIST_KEY_UILaunchStoryboardName = LanchScreen;
				INFOPLIST_KEY_UIMainStoryboardFile = Main;
				INFOPLIST_KEY_UISupportedInterfaceOrientations_iPad = "UIInterfaceOrientationPortrait UIInterfaceOrientationPortraitUpsideDown UIInterfaceOrientationLandscapeLeft UIInterfaceOrientationLandscapeRight";
				INFOPLIST_KEY_UISupportedInterfaceOrientations_iPhone = "UIInterfaceOrientationPortrait UIInterfaceOrientationLandscapeLeft UIInterfaceOrientationLandscapeRight";
				LD_RUNPATH_SEARCH_PATHS = (
					"$(inherited)",
					"@executable_path/Frameworks",
				);
				MARKETING_VERSION = 1.0;
				PRODUCT_BUNDLE_IDENTIFIER = i0240.PhoneStoreApp;
				PRODUCT_NAME = "$(TARGET_NAME)";
				SWIFT_EMIT_LOC_STRINGS = YES;
				SWIFT_VERSION = 5.0;
				TARGETED_DEVICE_FAMILY = "1,2";
			};
			name = Release;
		};
		FA6A491729473A99009F3D0B /* Debug */ = {
			isa = XCBuildConfiguration;
			baseConfigurationReference = 614204018F352B64A348DAC2 /* Pods-PhoneStoreAppTests.debug.xcconfig */;
			buildSettings = {
				ALWAYS_EMBED_SWIFT_STANDARD_LIBRARIES = YES;
				BUNDLE_LOADER = "$(TEST_HOST)";
				CODE_SIGN_STYLE = Automatic;
				CURRENT_PROJECT_VERSION = 1;
				DEVELOPMENT_TEAM = 5C9S7JT7L3;
				GENERATE_INFOPLIST_FILE = YES;
				IPHONEOS_DEPLOYMENT_TARGET = 16.0;
				MARKETING_VERSION = 1.0;
				PRODUCT_BUNDLE_IDENTIFIER = i0240.PhoneStoreAppTests;
				PRODUCT_NAME = "$(TARGET_NAME)";
				SWIFT_EMIT_LOC_STRINGS = NO;
				SWIFT_VERSION = 5.0;
				TARGETED_DEVICE_FAMILY = "1,2";
				TEST_HOST = "$(BUILT_PRODUCTS_DIR)/PhoneStoreApp.app/$(BUNDLE_EXECUTABLE_FOLDER_PATH)/PhoneStoreApp";
			};
			name = Debug;
		};
		FA6A491829473A99009F3D0B /* Release */ = {
			isa = XCBuildConfiguration;
			baseConfigurationReference = E686CC43C0EA499E7819BDB8 /* Pods-PhoneStoreAppTests.release.xcconfig */;
			buildSettings = {
				ALWAYS_EMBED_SWIFT_STANDARD_LIBRARIES = YES;
				BUNDLE_LOADER = "$(TEST_HOST)";
				CODE_SIGN_STYLE = Automatic;
				CURRENT_PROJECT_VERSION = 1;
				DEVELOPMENT_TEAM = 5C9S7JT7L3;
				GENERATE_INFOPLIST_FILE = YES;
				IPHONEOS_DEPLOYMENT_TARGET = 16.0;
				MARKETING_VERSION = 1.0;
				PRODUCT_BUNDLE_IDENTIFIER = i0240.PhoneStoreAppTests;
				PRODUCT_NAME = "$(TARGET_NAME)";
				SWIFT_EMIT_LOC_STRINGS = NO;
				SWIFT_VERSION = 5.0;
				TARGETED_DEVICE_FAMILY = "1,2";
				TEST_HOST = "$(BUILT_PRODUCTS_DIR)/PhoneStoreApp.app/$(BUNDLE_EXECUTABLE_FOLDER_PATH)/PhoneStoreApp";
			};
			name = Release;
		};
		FA6A491A29473A99009F3D0B /* Debug */ = {
			isa = XCBuildConfiguration;
			baseConfigurationReference = D88BEF08A8F60AF7420E1741 /* Pods-PhoneStoreApp-PhoneStoreAppUITests.debug.xcconfig */;
			buildSettings = {
				ALWAYS_EMBED_SWIFT_STANDARD_LIBRARIES = YES;
				CODE_SIGN_STYLE = Automatic;
				CURRENT_PROJECT_VERSION = 1;
				DEVELOPMENT_TEAM = 5C9S7JT7L3;
				GENERATE_INFOPLIST_FILE = YES;
				MARKETING_VERSION = 1.0;
				PRODUCT_BUNDLE_IDENTIFIER = i0240.PhoneStoreAppUITests;
				PRODUCT_NAME = "$(TARGET_NAME)";
				SWIFT_EMIT_LOC_STRINGS = NO;
				SWIFT_VERSION = 5.0;
				TARGETED_DEVICE_FAMILY = "1,2";
				TEST_TARGET_NAME = PhoneStoreApp;
			};
			name = Debug;
		};
		FA6A491B29473A99009F3D0B /* Release */ = {
			isa = XCBuildConfiguration;
			baseConfigurationReference = 4CEE87305D32E309AC8C4EBB /* Pods-PhoneStoreApp-PhoneStoreAppUITests.release.xcconfig */;
			buildSettings = {
				ALWAYS_EMBED_SWIFT_STANDARD_LIBRARIES = YES;
				CODE_SIGN_STYLE = Automatic;
				CURRENT_PROJECT_VERSION = 1;
				DEVELOPMENT_TEAM = 5C9S7JT7L3;
				GENERATE_INFOPLIST_FILE = YES;
				MARKETING_VERSION = 1.0;
				PRODUCT_BUNDLE_IDENTIFIER = i0240.PhoneStoreAppUITests;
				PRODUCT_NAME = "$(TARGET_NAME)";
				SWIFT_EMIT_LOC_STRINGS = NO;
				SWIFT_VERSION = 5.0;
				TARGETED_DEVICE_FAMILY = "1,2";
				TEST_TARGET_NAME = PhoneStoreApp;
			};
			name = Release;
		};
/* End XCBuildConfiguration section */

/* Begin XCConfigurationList section */
		FA6A48E129473A97009F3D0B /* Build configuration list for PBXProject "PhoneStoreApp" */ = {
			isa = XCConfigurationList;
			buildConfigurations = (
				FA6A491129473A99009F3D0B /* Debug */,
				FA6A491229473A99009F3D0B /* Release */,
			);
			defaultConfigurationIsVisible = 0;
			defaultConfigurationName = Release;
		};
		FA6A491329473A99009F3D0B /* Build configuration list for PBXNativeTarget "PhoneStoreApp" */ = {
			isa = XCConfigurationList;
			buildConfigurations = (
				FA6A491429473A99009F3D0B /* Debug */,
				FA6A491529473A99009F3D0B /* Release */,
			);
			defaultConfigurationIsVisible = 0;
			defaultConfigurationName = Release;
		};
		FA6A491629473A99009F3D0B /* Build configuration list for PBXNativeTarget "PhoneStoreAppTests" */ = {
			isa = XCConfigurationList;
			buildConfigurations = (
				FA6A491729473A99009F3D0B /* Debug */,
				FA6A491829473A99009F3D0B /* Release */,
			);
			defaultConfigurationIsVisible = 0;
			defaultConfigurationName = Release;
		};
		FA6A491929473A99009F3D0B /* Build configuration list for PBXNativeTarget "PhoneStoreAppUITests" */ = {
			isa = XCConfigurationList;
			buildConfigurations = (
				FA6A491A29473A99009F3D0B /* Debug */,
				FA6A491B29473A99009F3D0B /* Release */,
			);
			defaultConfigurationIsVisible = 0;
			defaultConfigurationName = Release;
		};
/* End XCConfigurationList section */

/* Begin XCVersionGroup section */
		FA6A48F229473A97009F3D0B /* PhoneStoreApp.xcdatamodeld */ = {
			isa = XCVersionGroup;
			children = (
				FA6A48F329473A97009F3D0B /* PhoneStoreApp.xcdatamodel */,
			);
			currentVersion = FA6A48F329473A97009F3D0B /* PhoneStoreApp.xcdatamodel */;
			path = PhoneStoreApp.xcdatamodeld;
			sourceTree = "<group>";
			versionGroupType = wrapper.xcdatamodel;
		};
/* End XCVersionGroup section */
	};
	rootObject = FA6A48DE29473A97009F3D0B /* Project object */;
}
